// !$*UTF8*$!
{
	archiveVersion = 1;
	classes = {
	};
	objectVersion = 46;
	objects = {

/* Begin PBXBuildFile section */
		C82A68871CDB453700AC7172 /* main.m in Sources */ = {isa = PBXBuildFile; fileRef = C82A68861CDB453700AC7172 /* main.m */; };
		C82A688A1CDB453700AC7172 /* AppDelegate.m in Sources */ = {isa = PBXBuildFile; fileRef = C82A68891CDB453700AC7172 /* AppDelegate.m */; };
		C82A68901CDB453700AC7172 /* Main.storyboard in Resources */ = {isa = PBXBuildFile; fileRef = C82A688E1CDB453700AC7172 /* Main.storyboard */; };
		C82A68921CDB453700AC7172 /* Assets.xcassets in Resources */ = {isa = PBXBuildFile; fileRef = C82A68911CDB453700AC7172 /* Assets.xcassets */; };
		C82A68951CDB453700AC7172 /* LaunchScreen.storyboard in Resources */ = {isa = PBXBuildFile; fileRef = C82A68931CDB453700AC7172 /* LaunchScreen.storyboard */; };
		C82A68A41CDB46C100AC7172 /* FirstViewController.m in Sources */ = {isa = PBXBuildFile; fileRef = C82A68A31CDB46C100AC7172 /* FirstViewController.m */; };
/* End PBXBuildFile section */

/* Begin PBXFileReference section */
		C82A68821CDB453700AC7172 /* NSUserDefaultsDataSaveDemo.app */ = {isa = PBXFileReference; explicitFileType = wrapper.application; includeInIndex = 0; path = NSUserDefaultsDataSaveDemo.app; sourceTree = BUILT_PRODUCTS_DIR; };
		C82A68861CDB453700AC7172 /* main.m */ = {isa = PBXFileReference; lastKnownFileType = sourcecode.c.objc; path = main.m; sourceTree = "<group>"; };
		C82A68881CDB453700AC7172 /* AppDelegate.h */ = {isa = PBXFileReference; lastKnownFileType = sourcecode.c.h; path = AppDelegate.h; sourceTree = "<group>"; };
		C82A68891CDB453700AC7172 /* AppDelegate.m */ = {isa = PBXFileReference; lastKnownFileType = sourcecode.c.objc; path = AppDelegate.m; sourceTree = "<group>"; };
		C82A688F1CDB453700AC7172 /* Base */ = {isa = PBXFileReference; lastKnownFileType = file.storyboard; name = Base; path = Base.lproj/Main.storyboard; sourceTree = "<group>"; };
		C82A68911CDB453700AC7172 /* Assets.xcassets */ = {isa = PBXFileReference; lastKnownFileType = folder.assetcatalog; path = Assets.xcassets; sourceTree = "<group>"; };
		C82A68941CDB453700AC7172 /* Base */ = {isa = PBXFileReference; lastKnownFileType = file.storyboard; name = Base; path = Base.lproj/LaunchScreen.storyboard; sourceTree = "<group>"; };
		C82A68961CDB453700AC7172 /* Info.plist */ = {isa = PBXFileReference; lastKnownFileType = text.plist.xml; path = Info.plist; sourceTree = "<group>"; };
		C82A68A21CDB46C100AC7172 /* FirstViewController.h */ = {isa = PBXFileReference; fileEncoding = 4; lastKnownFileType = sourcecode.c.h; path = FirstViewController.h; sourceTree = "<group>"; };
		C82A68A31CDB46C100AC7172 /* FirstViewController.m */ = {isa = PBXFileReference; fileEncoding = 4; lastKnownFileType = sourcecode.c.objc; path = FirstViewController.m; sourceTree = "<group>"; };
/* End PBXFileReference section */

/* Begin PBXFrameworksBuildPhase section */
		C82A687F1CDB453700AC7172 /* Frameworks */ = {
			isa = PBXFrameworksBuildPhase;
			buildActionMask = 2147483647;
			files = (
			);
			runOnlyForDeploymentPostprocessing = 0;
		};
/* End PBXFrameworksBuildPhase section */

/* Begin PBXGroup section */
		C82A68791CDB453700AC7172 = {
			isa = PBXGroup;
			children = (
				C82A68841CDB453700AC7172 /* NSUserDefaultsDataSaveDemo */,
				C82A68831CDB453700AC7172 /* Products */,
			);
			sourceTree = "<group>";
		};
		C82A68831CDB453700AC7172 /* Products */ = {
			isa = PBXGroup;
			children = (
				C82A68821CDB453700AC7172 /* NSUserDefaultsDataSaveDemo.app */,
			);
			name = Products;
			sourceTree = "<group>";
		};
		C82A68841CDB453700AC7172 /* NSUserDefaultsDataSaveDemo */ = {
			isa = PBXGroup;
			children = (
				C82A68881CDB453700AC7172 /* AppDelegate.h */,
				C82A68891CDB453700AC7172 /* AppDelegate.m */,
				C82A688E1CDB453700AC7172 /* Main.storyboard */,
				C82A68911CDB453700AC7172 /* Assets.xcassets */,
				C82A68931CDB453700AC7172 /* LaunchScreen.storyboard */,
				C82A68961CDB453700AC7172 /* Info.plist */,
				C82A68851CDB453700AC7172 /* Supporting Files */,
				C82A68A21CDB46C100AC7172 /* FirstViewController.h */,
				C82A68A31CDB46C100AC7172 /* FirstViewController.m */,
			);
			path = NSUserDefaultsDataSaveDemo;
			sourceTree = "<group>";
		};
		C82A68851CDB453700AC7172 /* Supporting Files */ = {
			isa = PBXGroup;
			children = (
				C82A68861CDB453700AC7172 /* main.m */,
			);
			name = "Supporting Files";
			sourceTree = "<group>";
		};
/* End PBXGroup section */

/* Begin PBXNativeTarget section */
		C82A68811CDB453700AC7172 /* NSUserDefaultsDataSaveDemo */ = {
			isa = PBXNativeTarget;
			buildConfigurationList = C82A68991CDB453700AC7172 /* Build configuration list for PBXNativeTarget "NSUserDefaultsDataSaveDemo" */;
			buildPhases = (
				C82A687E1CDB453700AC7172 /* Sources */,
				C82A687F1CDB453700AC7172 /* Frameworks */,
				C82A68801CDB453700AC7172 /* Resources */,
			);
			buildRules = (
			);
			dependencies = (
			);
			name = NSUserDefaultsDataSaveDemo;
			productName = NSUserDefaultsDataSaveDemo;
			productReference = C82A68821CDB453700AC7172 /* NSUserDefaultsDataSaveDemo.app */;
			productType = "com.apple.product-type.application";
		};
/* End PBXNativeTarget section */

/* Begin PBXProject section */
		C82A687A1CDB453700AC7172 /* Project object */ = {
			isa = PBXProject;
			attributes = {
				LastUpgradeCheck = 0730;
				ORGANIZATIONNAME = snailCC;
				TargetAttributes = {
					C82A68811CDB453700AC7172 = {
						CreatedOnToolsVersion = 7.3;
						DevelopmentTeam = D3T2948R27;
					};
				};
			};
			buildConfigurationList = C82A687D1CDB453700AC7172 /* Build configuration list for PBXProject "NSUserDefaultsDataSaveDemo" */;
			compatibilityVersion = "Xcode 3.2";
			developmentRegion = English;
			hasScannedForEncodings = 0;
			knownRegions = (
				en,
				Base,
			);
			mainGroup = C82A68791CDB453700AC7172;
			productRefGroup = C82A68831CDB453700AC7172 /* Products */;
			projectDirPath = "";
			projectRoot = "";
			targets = (
				C82A68811CDB453700AC7172 /* NSUserDefaultsDataSaveDemo */,
			);
		};
/* End PBXProject section */

/* Begin PBXResourcesBuildPhase section */
		C82A68801CDB453700AC7172 /* Resources */ = {
			isa = PBXResourcesBuildPhase;
			buildActionMask = 2147483647;
			files = (
				C82A68951CDB453700AC7172 /* LaunchScreen.storyboard in Resources */,
				C82A68921CDB453700AC7172 /* Assets.xcassets in Resources */,
				C82A68901CDB453700AC7172 /* Main.storyboard in Resources */,
			);
			runOnlyForDeploymentPostprocessing = 0;
		};
/* End PBXResourcesBuildPhase section */

/* Begin PBXSourcesBuildPhase section */
		C82A687E1CDB453700AC7172 /* Sources */ = {
			isa = PBXSourcesBuildPhase;
			buildActionMask = 2147483647;
			files = (
				C82A68A41CDB46C100AC7172 /* FirstViewController.m in Sources */,
				C82A688A1CDB453700AC7172 /* AppDelegate.m in Sources */,
				C82A68871CDB453700AC7172 /* main.m in Sources */,
			);
			runOnlyForDeploymentPostprocessing = 0;
		};
/* End PBXSourcesBuildPhase section */

/* Begin PBXVariantGroup section */
		C82A688E1CDB453700AC7172 /* Main.storyboard */ = {
			isa = PBXVariantGroup;
			children = (
				C82A688F1CDB453700AC7172 /* Base */,
			);
			name = Main.storyboard;
			sourceTree = "<group>";
		};
		C82A68931CDB453700AC7172 /* LaunchScreen.storyboard */ = {
			isa = PBXVariantGroup;
			children = (
				C82A68941CDB453700AC7172 /* Base */,
			);
			name = LaunchScreen.storyboard;
			sourceTree = "<group>";
		};
/* End PBXVariantGroup section */

/* Begin XCBuildConfiguration section */
		C82A68971CDB453700AC7172 /* Debug */ = {
			isa = XCBuildConfiguration;
			buildSettings = {
				ALWAYS_SEARCH_USER_PATHS = NO;
				CLANG_ANALYZER_NONNULL = YES;
				CLANG_CXX_LANGUAGE_STANDARD = "gnu++0x";
				CLANG_CXX_LIBRARY = "libc++";
				CLANG_ENABLE_MODULES = YES;
				CLANG_ENABLE_OBJC_ARC = YES;
				CLANG_WARN_BOOL_CONVERSION = YES;
				CLANG_WARN_CONSTANT_CONVERSION = YES;
				CLANG_WARN_DIRECT_OBJC_ISA_USAGE = YES_ERROR;
				CLANG_WARN_EMPTY_BODY = YES;
				CLANG_WARN_ENUM_CONVERSION = YES;
				CLANG_WARN_INT_CONVERSION = YES;
				CLANG_WARN_OBJC_ROOT_CLASS = YES_ERROR;
				CLANG_WARN_UNREACHABLE_CODE = YES;
				CLANG_WARN__DUPLICATE_METHOD_MATCH = YES;
				"CODE_SIGN_IDENTITY[sdk=iphoneos*]" = "iPhone Developer";
				COPY_PHASE_STRIP = NO;
				DEBUG_INFORMATION_FORMAT = dwarf;
				ENABLE_STRICT_OBJC_MSGSEND = YES;
				ENABLE_TESTABILITY = YES;
				GCC_C_LANGUAGE_STANDARD = gnu99;
				GCC_DYNAMIC_NO_PIC = NO;
				GCC_NO_COMMON_BLOCKS = YES;
				GCC_OPTIMIZATION_LEVEL = 0;
				GCC_PREPROCESSOR_DEFINITIONS = (
					"DEBUG=1",
					"$(inherited)",
				);
				GCC_WARN_64_TO_32_BIT_CONVERSION = YES;
				GCC_WARN_ABOUT_RETURN_TYPE = YES_ERROR;
				GCC_WARN_UNDECLARED_SELECTOR = YES;
				GCC_WARN_UNINITIALIZED_AUTOS = YES_AGGRESSIVE;
				GCC_WARN_UNUSED_FUNCTION = YES;
				GCC_WARN_UNUSED_VARIABLE = YES;
				IPHONEOS_DEPLOYMENT_TARGET = 9.3;
				MTL_ENABLE_DEBUG_INFO = YES;
				ONLY_ACTIVE_ARCH = YES;
				SDKROOT = iphoneos;
				TARGETED_DEVICE_FAMILY = "1,2";
			};
			name = Debug;
		};
		C82A68981CDB453700AC7172 /* Release */ = {
			isa = XCBuildConfiguration;
			buildSettings = {
				ALWAYS_SEARCH_USER_PATHS = NO;
				CLANG_ANALYZER_NONNULL = YES;
				CLANG_CXX_LANGUAGE_STANDARD = "gnu++0x";
				CLANG_CXX_LIBRARY = "libc++";
				CLANG_ENABLE_MODULES = YES;
				CLANG_ENABLE_OBJC_ARC = YES;
				CLANG_WARN_BOOL_CONVERSION = YES;
				CLANG_WARN_CONSTANT_CONVERSION = YES;
				CLANG_WARN_DIRECT_OBJC_ISA_USAGE = YES_ERROR;
				CLANG_WARN_EMPTY_BODY = YES;
				CLANG_WARN_ENUM_CONVERSION = YES;
				CLANG_WARN_INT_CONVERSION = YES;
				CLANG_WARN_OBJC_ROOT_CLASS = YES_ERROR;
				CLANG_WARN_UNREACHABLE_CODE = YES;
				CLANG_WARN__DUPLICATE_METHOD_MATCH = YES;
				"CODE_SIGN_IDENTITY[sdk=iphoneos*]" = "iPhone Developer";
				COPY_PHASE_STRIP = NO;
				DEBUG_INFORMATION_FORMAT = "dwarf-with-dsym";
				ENABLE_NS_ASSERTIONS = NO;
				ENABLE_STRICT_OBJC_MSGSEND = YES;
				GCC_C_LANGUAGE_STANDARD = gnu99;
				GCC_NO_COMMON_BLOCKS = YES;
				GCC_WARN_64_TO_32_BIT_CONVERSION = YES;
				GCC_WARN_ABOUT_RETURN_TYPE = YES_ERROR;
				GCC_WARN_UNDECLARED_SELECTOR = YES;
				GCC_WARN_UNINITIALIZED_AUTOS = YES_AGGRESSIVE;
				GCC_WARN_UNUSED_FUNCTION = YES;
				GCC_WARN_UNUSED_VARIABLE = YES;
				IPHONEOS_DEPLOYMENT_TARGET = 9.3;
				MTL_ENABLE_DEBUG_INFO = NO;
				SDKROOT = iphoneos;
				TARGETED_DEVICE_FAMILY = "1,2";
				VALIDATE_PRODUCT = YES;
			};
			name = Release;
		};
		C82A689A1CDB453700AC7172 /* Debug */ = {
			isa = XCBuildConfiguration;
			buildSettings = {
				ASSETCATALOG_COMPILER_APPICON_NAME = AppIcon;
				CODE_SIGN_IDENTITY = "iPhone Developer: XI QIAN (HFAR4Y6QA2)";
				INFOPLIST_FILE = NSUserDefaultsDataSaveDemo/Info.plist;
				IPHONEOS_DEPLOYMENT_TARGET = 8.3;
				LD_RUNPATH_SEARCH_PATHS = "$(inherited) @executable_path/Frameworks";
				PRODUCT_BUNDLE_IDENTIFIER = com.snailCC.NSUserDefaultsDataSaveDemo;
				PRODUCT_NAME = "$(TARGET_NAME)";
				PROVISIONING_PROFILE = "7f9996ce-c394-47c6-b79c-7cef36da3329";
			};
			name = Debug;
		};
		C82A689B1CDB453700AC7172 /* Release */ = {
			isa = XCBuildConfiguration;
			buildSettings = {
				ASSETCATALOG_COMPILER_APPICON_NAME = AppIcon;
				CODE_SIGN_IDENTITY = "iPhone Developer: XI QIAN (HFAR4Y6QA2)";
				INFOPLIST_FILE = NSUserDefaultsDataSaveDemo/Info.plist;
				IPHONEOS_DEPLOYMENT_TARGET = 8.3;
				LD_RUNPATH_SEARCH_PATHS = "$(inherited) @executable_path/Frameworks";
				PRODUCT_BUNDLE_IDENTIFIER = com.snailCC.NSUserDefaultsDataSaveDemo;
				PRODUCT_NAME = "$(TARGET_NAME)";
				PROVISIONING_PROFILE = "7f9996ce-c394-47c6-b79c-7cef36da3329";
			};
			name = Release;
		};
/* End XCBuildConfiguration section */

/* Begin XCConfigurationList section */
		C82A687D1CDB453700AC7172 /* Build configuration list for PBXProject "NSUserDefaultsDataSaveDemo" */ = {
			isa = XCConfigurationList;
			buildConfigurations = (
				C82A68971CDB453700AC7172 /* Debug */,
				C82A68981CDB453700AC7172 /* Release */,
			);
			defaultConfigurationIsVisible = 0;
			defaultConfigurationName = Release;
		};
		C82A68991CDB453700AC7172 /* Build configuration list for PBXNativeTarget "NSUserDefaultsDataSaveDemo" */ = {
			isa = XCConfigurationList;
			buildConfigurations = (
				C82A689A1CDB453700AC7172 /* Debug */,
				C82A689B1CDB453700AC7172 /* Release */,
			);
			defaultConfigurationIsVisible = 0;
		};
/* End XCConfigurationList section */
	};
	rootObject = C82A687A1CDB453700AC7172 /* Project object */;
}
